{
  "name": "ts-node-demo",
  "version": "1.0.0",
  "lockfileVersion": 1,
  "requires": true,
  "dependencies": {
    "@types/node": {
      "version": "16.7.5",
      "resolved": "https://registry.nlark.com/@types/node/download/@types/node-16.7.5.tgz",
      "integrity": "sha1-lhQrJDl3sD2Zwzj9sJJB0oYQJxE=",
      "dev": true
    },
    "typescript": {
      "version": "4.4.2",
      "resolved": "https://registry.nlark.com/typescript/download/typescript-4.4.2.tgz?cache=0&sync_timestamp=1630011920137&other_urls=https%3A%2F%2Fregistry.nlark.com%2Ftypescript%2Fdownload%2Ftypescript-4.4.2.tgz",
      "integrity": "sha1-bWGGQNQw41aaHftE99fmAM7T7oY="
    }
  }
}
